Microsoft Visual Studio Solution File, Format Version 12.00
# Visual Studio Version 18
VisualStudioVersion = 18.8.11925.187 insiders
MinimumVisualStudioVersion = 10.0.40219.1
Project("{2150E333-8FDC-42A3-9474-1A3956D46DE8}") = "Apps", "Apps", "{827E0CD3-B72D-47B6-A68D-7590B98EB39B}"
EndProject
Project("{FAE04EC0-301F-11D3-BF4B-00C04F79EFBC}") = "cCoder.Data", "cCoder.Data\cCoder.Data.csproj", "{66561AA6-8A0E-4B50-800C-B332A0968599}"
EndProject
Project("{FAE04EC0-301F-11D3-BF4B-00C04F79EFBC}") = "cCoder.Data.Tests", "cCoder.Data.Tests\cCoder.Data.Tests.csproj", "{DD99A465-83BC-4BB5-AE17-D88D1BA4A2CE}"
EndProject
Global
	GlobalSection(SolutionConfigurationPlatforms) = preSolution
		Debug|Any CPU = Debug|Any CPU
		Debug|x64 = Debug|x64
		Debug|x86 = Debug|x86
		Release|Any CPU = Release|Any CPU
		Release|x64 = Release|x64
		Release|x86 = Release|x86
	EndGlobalSection
	GlobalSection(ProjectConfigurationPlatforms) = postSolution
		{66561AA6-8A0E-4B50-800C-B332A0968599}.Debug|Any CPU.ActiveCfg = Debug|Any CPU
		{66561AA6-8A0E-4B50-800C-B332A0968599}.Debug|Any CPU.Build.0 = Debug|Any CPU
		{66561AA6-8A0E-4B50-800C-B332A0968599}.Debug|x64.ActiveCfg = Debug|Any CPU
		{66561AA6-8A0E-4B50-800C-B332A0968599}.Debug|x64.Build.0 = Debug|Any CPU
		{66561AA6-8A0E-4B50-800C-B332A0968599}.Debug|x86.ActiveCfg = Debug|Any CPU
		{66561AA6-8A0E-4B50-800C-B332A0968599}.Debug|x86.Build.0 = Debug|Any CPU
		{66561AA6-8A0E-4B50-800C-B332A0968599}.Release|Any CPU.ActiveCfg = Release|Any CPU
		{66561AA6-8A0E-4B50-800C-B332A0968599}.Release|Any CPU.Build.0 = Release|Any CPU
		{66561AA6-8A0E-4B50-800C-B332A0968599}.Release|x64.ActiveCfg = Release|Any CPU
		{66561AA6-8A0E-4B50-800C-B332A0968599}.Release|x64.Build.0 = Release|Any CPU
		{66561AA6-8A0E-4B50-800C-B332A0968599}.Release|x86.ActiveCfg = Release|Any CPU
		{66561AA6-8A0E-4B50-800C-B332A0968599}.Release|x86.Build.0 = Release|Any CPU
		{DD99A465-83BC-4BB5-AE17-D88D1BA4A2CE}.Debug|Any CPU.ActiveCfg = Debug|Any CPU
		{DD99A465-83BC-4BB5-AE17-D88D1BA4A2CE}.Debug|Any CPU.Build.0 = Debug|Any CPU
		{DD99A465-83BC-4BB5-AE17-D88D1BA4A2CE}.Debug|x64.ActiveCfg = Debug|Any CPU
		{DD99A465-83BC-4BB5-AE17-D88D1BA4A2CE}.Debug|x64.Build.0 = Debug|Any CPU
		{DD99A465-83BC-4BB5-AE17-D88D1BA4A2CE}.Debug|x86.ActiveCfg = Debug|Any CPU
		{DD99A465-83BC-4BB5-AE17-D88D1BA4A2CE}.Debug|x86.Build.0 = Debug|Any CPU
		{DD99A465-83BC-4BB5-AE17-D88D1BA4A2CE}.Release|Any CPU.ActiveCfg = Release|Any CPU
		{DD99A465-83BC-4BB5-AE17-D88D1BA4A2CE}.Release|Any CPU.Build.0 = Release|Any CPU
		{DD99A465-83BC-4BB5-AE17-D88D1BA4A2CE}.Release|x64.ActiveCfg = Release|Any CPU
		{DD99A465-83BC-4BB5-AE17-D88D1BA4A2CE}.Release|x64.Build.0 = Release|Any CPU
		{DD99A465-83BC-4BB5-AE17-D88D1BA4A2CE}.Release|x86.ActiveCfg = Release|Any CPU
		{DD99A465-83BC-4BB5-AE17-D88D1BA4A2CE}.Release|x86.Build.0 = Release|Any CPU
	EndGlobalSection
	GlobalSection(SolutionProperties) = preSolution
		HideSolutionNode = FALSE
	EndGlobalSection
	GlobalSection(ExtensibilityGlobals) = postSolution
		SolutionGuid = {29F5C526-2D15-41A4-8800-04F77E947A30}
	EndGlobalSection
EndGlobal
