
Microsoft Visual Studio Solution File, Format Version 12.00
# Visual Studio Version 17
VisualStudioVersion = 17.0.31903.59
MinimumVisualStudioVersion = 10.0.40219.1
Project("{2150E333-8FDC-42A3-9474-1A3956D46DE8}") = "src", "src", "{827E0CD3-B72D-47B6-A68D-7590B98EB39B}"
EndProject
Project("{FAE04EC0-301F-11D3-BF4B-00C04F79EFBC}") = "cCoder.Data", "cCoder.Data\cCoder.Data.csproj", "{66561AA6-8A0E-4B50-800C-B332A0968599}"
EndProject
Project("{FAE04EC0-301F-11D3-BF4B-00C04F79EFBC}") = "cCoder.Data.Tests", "cCoder.Data.Tests\cCoder.Data.Tests.csproj", "{DD99A465-83BC-4BB5-AE17-D88D1BA4A2CE}"
EndProject
Project("{FAE04EC0-301F-11D3-BF4B-00C04F79EFBC}") = "cCoder.SQLServer", "cCoder.SQLServer\cCoder.SQLServer.csproj", "{355F9ECE-D307-457E-B73C-907DC838DEAE}"
EndProject
Project("{FAE04EC0-301F-11D3-BF4B-00C04F79EFBC}") = "cCoder.PostgresSQL", "cCoder.PostgresSQL\cCoder.PostgresSQL.csproj", "{9CBCAEA0-D7DF-4873-A389-C056C626918E}"
EndProject
Project("{FAE04EC0-301F-11D3-BF4B-00C04F79EFBC}") = "cCoder.SQLServer.TestApi", "cCoder.SQLServer.TestApi\cCoder.SQLServer.TestApi.csproj", "{9D56FEFA-7035-408D-9888-6C3C1B074117}"
EndProject
Project("{FAE04EC0-301F-11D3-BF4B-00C04F79EFBC}") = "cCoder.PostgresSQL.TestApi", "cCoder.PostgresSQL.TestApi\cCoder.PostgresSQL.TestApi.csproj", "{4BDE496E-1038-45E6-B115-E2D5A0BF18D0}"
EndProject
Project("{FAE04EC0-301F-11D3-BF4B-00C04F79EFBC}") = "cCoder.SQLServer.E2E", "cCoder.SQLServer.E2E\cCoder.SQLServer.E2E.csproj", "{C89C36EA-4CF0-4034-BA1C-D7F066361DAC}"
EndProject
Project("{FAE04EC0-301F-11D3-BF4B-00C04F79EFBC}") = "cCoder.PostgresSQL.E2E", "cCoder.PostgresSQL.E2E\cCoder.PostgresSQL.E2E.csproj", "{C08C567B-9DC4-436C-8B3E-EC2E8FB52295}"
EndProject
Global
	GlobalSection(SolutionConfigurationPlatforms) = preSolution
		Debug|Any CPU = Debug|Any CPU
		Debug|x64 = Debug|x64
		Debug|x86 = Debug|x86
		Release|Any CPU = Release|Any CPU
		Release|x64 = Release|x64
		Release|x86 = Release|x86
	EndGlobalSection
	GlobalSection(ProjectConfigurationPlatforms) = postSolution
		{66561AA6-8A0E-4B50-800C-B332A0968599}.Debug|Any CPU.ActiveCfg = Debug|Any CPU
		{66561AA6-8A0E-4B50-800C-B332A0968599}.Debug|Any CPU.Build.0 = Debug|Any CPU
		{66561AA6-8A0E-4B50-800C-B332A0968599}.Debug|x64.ActiveCfg = Debug|Any CPU
		{66561AA6-8A0E-4B50-800C-B332A0968599}.Debug|x64.Build.0 = Debug|Any CPU
		{66561AA6-8A0E-4B50-800C-B332A0968599}.Debug|x86.ActiveCfg = Debug|Any CPU
		{66561AA6-8A0E-4B50-800C-B332A0968599}.Debug|x86.Build.0 = Debug|Any CPU
		{66561AA6-8A0E-4B50-800C-B332A0968599}.Release|Any CPU.ActiveCfg = Release|Any CPU
		{66561AA6-8A0E-4B50-800C-B332A0968599}.Release|Any CPU.Build.0 = Release|Any CPU
		{66561AA6-8A0E-4B50-800C-B332A0968599}.Release|x64.ActiveCfg = Release|Any CPU
		{66561AA6-8A0E-4B50-800C-B332A0968599}.Release|x64.Build.0 = Release|Any CPU
		{66561AA6-8A0E-4B50-800C-B332A0968599}.Release|x86.ActiveCfg = Release|Any CPU
		{66561AA6-8A0E-4B50-800C-B332A0968599}.Release|x86.Build.0 = Release|Any CPU
		{DD99A465-83BC-4BB5-AE17-D88D1BA4A2CE}.Debug|Any CPU.ActiveCfg = Debug|Any CPU
		{DD99A465-83BC-4BB5-AE17-D88D1BA4A2CE}.Debug|Any CPU.Build.0 = Debug|Any CPU
		{DD99A465-83BC-4BB5-AE17-D88D1BA4A2CE}.Debug|x64.ActiveCfg = Debug|Any CPU
		{DD99A465-83BC-4BB5-AE17-D88D1BA4A2CE}.Debug|x64.Build.0 = Debug|Any CPU
		{DD99A465-83BC-4BB5-AE17-D88D1BA4A2CE}.Debug|x86.ActiveCfg = Debug|Any CPU
		{DD99A465-83BC-4BB5-AE17-D88D1BA4A2CE}.Debug|x86.Build.0 = Debug|Any CPU
		{DD99A465-83BC-4BB5-AE17-D88D1BA4A2CE}.Release|Any CPU.ActiveCfg = Release|Any CPU
		{DD99A465-83BC-4BB5-AE17-D88D1BA4A2CE}.Release|Any CPU.Build.0 = Release|Any CPU
		{DD99A465-83BC-4BB5-AE17-D88D1BA4A2CE}.Release|x64.ActiveCfg = Release|Any CPU
		{DD99A465-83BC-4BB5-AE17-D88D1BA4A2CE}.Release|x64.Build.0 = Release|Any CPU
		{DD99A465-83BC-4BB5-AE17-D88D1BA4A2CE}.Release|x86.ActiveCfg = Release|Any CPU
		{DD99A465-83BC-4BB5-AE17-D88D1BA4A2CE}.Release|x86.Build.0 = Release|Any CPU
		{355F9ECE-D307-457E-B73C-907DC838DEAE}.Debug|Any CPU.ActiveCfg = Debug|Any CPU
		{355F9ECE-D307-457E-B73C-907DC838DEAE}.Debug|Any CPU.Build.0 = Debug|Any CPU
		{355F9ECE-D307-457E-B73C-907DC838DEAE}.Debug|x64.ActiveCfg = Debug|Any CPU
		{355F9ECE-D307-457E-B73C-907DC838DEAE}.Debug|x64.Build.0 = Debug|Any CPU
		{355F9ECE-D307-457E-B73C-907DC838DEAE}.Debug|x86.ActiveCfg = Debug|Any CPU
		{355F9ECE-D307-457E-B73C-907DC838DEAE}.Debug|x86.Build.0 = Debug|Any CPU
		{355F9ECE-D307-457E-B73C-907DC838DEAE}.Release|Any CPU.ActiveCfg = Release|Any CPU
		{355F9ECE-D307-457E-B73C-907DC838DEAE}.Release|Any CPU.Build.0 = Release|Any CPU
		{355F9ECE-D307-457E-B73C-907DC838DEAE}.Release|x64.ActiveCfg = Release|Any CPU
		{355F9ECE-D307-457E-B73C-907DC838DEAE}.Release|x64.Build.0 = Release|Any CPU
		{355F9ECE-D307-457E-B73C-907DC838DEAE}.Release|x86.ActiveCfg = Release|Any CPU
		{355F9ECE-D307-457E-B73C-907DC838DEAE}.Release|x86.Build.0 = Release|Any CPU
		{9CBCAEA0-D7DF-4873-A389-C056C626918E}.Debug|Any CPU.ActiveCfg = Debug|Any CPU
		{9CBCAEA0-D7DF-4873-A389-C056C626918E}.Debug|Any CPU.Build.0 = Debug|Any CPU
		{9CBCAEA0-D7DF-4873-A389-C056C626918E}.Debug|x64.ActiveCfg = Debug|Any CPU
		{9CBCAEA0-D7DF-4873-A389-C056C626918E}.Debug|x64.Build.0 = Debug|Any CPU
		{9CBCAEA0-D7DF-4873-A389-C056C626918E}.Debug|x86.ActiveCfg = Debug|Any CPU
		{9CBCAEA0-D7DF-4873-A389-C056C626918E}.Debug|x86.Build.0 = Debug|Any CPU
		{9CBCAEA0-D7DF-4873-A389-C056C626918E}.Release|Any CPU.ActiveCfg = Release|Any CPU
		{9CBCAEA0-D7DF-4873-A389-C056C626918E}.Release|Any CPU.Build.0 = Release|Any CPU
		{9CBCAEA0-D7DF-4873-A389-C056C626918E}.Release|x64.ActiveCfg = Release|Any CPU
		{9CBCAEA0-D7DF-4873-A389-C056C626918E}.Release|x64.Build.0 = Release|Any CPU
		{9CBCAEA0-D7DF-4873-A389-C056C626918E}.Release|x86.ActiveCfg = Release|Any CPU
		{9CBCAEA0-D7DF-4873-A389-C056C626918E}.Release|x86.Build.0 = Release|Any CPU
		{9D56FEFA-7035-408D-9888-6C3C1B074117}.Debug|Any CPU.ActiveCfg = Debug|Any CPU
		{9D56FEFA-7035-408D-9888-6C3C1B074117}.Debug|Any CPU.Build.0 = Debug|Any CPU
		{9D56FEFA-7035-408D-9888-6C3C1B074117}.Debug|x64.ActiveCfg = Debug|Any CPU
		{9D56FEFA-7035-408D-9888-6C3C1B074117}.Debug|x64.Build.0 = Debug|Any CPU
		{9D56FEFA-7035-408D-9888-6C3C1B074117}.Debug|x86.ActiveCfg = Debug|Any CPU
		{9D56FEFA-7035-408D-9888-6C3C1B074117}.Debug|x86.Build.0 = Debug|Any CPU
		{9D56FEFA-7035-408D-9888-6C3C1B074117}.Release|Any CPU.ActiveCfg = Release|Any CPU
		{9D56FEFA-7035-408D-9888-6C3C1B074117}.Release|Any CPU.Build.0 = Release|Any CPU
		{9D56FEFA-7035-408D-9888-6C3C1B074117}.Release|x64.ActiveCfg = Release|Any CPU
		{9D56FEFA-7035-408D-9888-6C3C1B074117}.Release|x64.Build.0 = Release|Any CPU
		{9D56FEFA-7035-408D-9888-6C3C1B074117}.Release|x86.ActiveCfg = Release|Any CPU
		{9D56FEFA-7035-408D-9888-6C3C1B074117}.Release|x86.Build.0 = Release|Any CPU
		{4BDE496E-1038-45E6-B115-E2D5A0BF18D0}.Debug|Any CPU.ActiveCfg = Debug|Any CPU
		{4BDE496E-1038-45E6-B115-E2D5A0BF18D0}.Debug|Any CPU.Build.0 = Debug|Any CPU
		{4BDE496E-1038-45E6-B115-E2D5A0BF18D0}.Debug|x64.ActiveCfg = Debug|Any CPU
		{4BDE496E-1038-45E6-B115-E2D5A0BF18D0}.Debug|x64.Build.0 = Debug|Any CPU
		{4BDE496E-1038-45E6-B115-E2D5A0BF18D0}.Debug|x86.ActiveCfg = Debug|Any CPU
		{4BDE496E-1038-45E6-B115-E2D5A0BF18D0}.Debug|x86.Build.0 = Debug|Any CPU
		{4BDE496E-1038-45E6-B115-E2D5A0BF18D0}.Release|Any CPU.ActiveCfg = Release|Any CPU
		{4BDE496E-1038-45E6-B115-E2D5A0BF18D0}.Release|Any CPU.Build.0 = Release|Any CPU
		{4BDE496E-1038-45E6-B115-E2D5A0BF18D0}.Release|x64.ActiveCfg = Release|Any CPU
		{4BDE496E-1038-45E6-B115-E2D5A0BF18D0}.Release|x64.Build.0 = Release|Any CPU
		{4BDE496E-1038-45E6-B115-E2D5A0BF18D0}.Release|x86.ActiveCfg = Release|Any CPU
		{4BDE496E-1038-45E6-B115-E2D5A0BF18D0}.Release|x86.Build.0 = Release|Any CPU
		{C89C36EA-4CF0-4034-BA1C-D7F066361DAC}.Debug|Any CPU.ActiveCfg = Debug|Any CPU
		{C89C36EA-4CF0-4034-BA1C-D7F066361DAC}.Debug|Any CPU.Build.0 = Debug|Any CPU
		{C89C36EA-4CF0-4034-BA1C-D7F066361DAC}.Debug|x64.ActiveCfg = Debug|Any CPU
		{C89C36EA-4CF0-4034-BA1C-D7F066361DAC}.Debug|x64.Build.0 = Debug|Any CPU
		{C89C36EA-4CF0-4034-BA1C-D7F066361DAC}.Debug|x86.ActiveCfg = Debug|Any CPU
		{C89C36EA-4CF0-4034-BA1C-D7F066361DAC}.Debug|x86.Build.0 = Debug|Any CPU
		{C89C36EA-4CF0-4034-BA1C-D7F066361DAC}.Release|Any CPU.ActiveCfg = Release|Any CPU
		{C89C36EA-4CF0-4034-BA1C-D7F066361DAC}.Release|Any CPU.Build.0 = Release|Any CPU
		{C89C36EA-4CF0-4034-BA1C-D7F066361DAC}.Release|x64.ActiveCfg = Release|Any CPU
		{C89C36EA-4CF0-4034-BA1C-D7F066361DAC}.Release|x64.Build.0 = Release|Any CPU
		{C89C36EA-4CF0-4034-BA1C-D7F066361DAC}.Release|x86.ActiveCfg = Release|Any CPU
		{C89C36EA-4CF0-4034-BA1C-D7F066361DAC}.Release|x86.Build.0 = Release|Any CPU
		{C08C567B-9DC4-436C-8B3E-EC2E8FB52295}.Debug|Any CPU.ActiveCfg = Debug|Any CPU
		{C08C567B-9DC4-436C-8B3E-EC2E8FB52295}.Debug|Any CPU.Build.0 = Debug|Any CPU
		{C08C567B-9DC4-436C-8B3E-EC2E8FB52295}.Debug|x64.ActiveCfg = Debug|Any CPU
		{C08C567B-9DC4-436C-8B3E-EC2E8FB52295}.Debug|x64.Build.0 = Debug|Any CPU
		{C08C567B-9DC4-436C-8B3E-EC2E8FB52295}.Debug|x86.ActiveCfg = Debug|Any CPU
		{C08C567B-9DC4-436C-8B3E-EC2E8FB52295}.Debug|x86.Build.0 = Debug|Any CPU
		{C08C567B-9DC4-436C-8B3E-EC2E8FB52295}.Release|Any CPU.ActiveCfg = Release|Any CPU
		{C08C567B-9DC4-436C-8B3E-EC2E8FB52295}.Release|Any CPU.Build.0 = Release|Any CPU
		{C08C567B-9DC4-436C-8B3E-EC2E8FB52295}.Release|x64.ActiveCfg = Release|Any CPU
		{C08C567B-9DC4-436C-8B3E-EC2E8FB52295}.Release|x64.Build.0 = Release|Any CPU
		{C08C567B-9DC4-436C-8B3E-EC2E8FB52295}.Release|x86.ActiveCfg = Release|Any CPU
		{C08C567B-9DC4-436C-8B3E-EC2E8FB52295}.Release|x86.Build.0 = Release|Any CPU
	EndGlobalSection
	GlobalSection(SolutionProperties) = preSolution
		HideSolutionNode = FALSE
	EndGlobalSection
	GlobalSection(NestedProjects) = preSolution
		{66561AA6-8A0E-4B50-800C-B332A0968599} = {827E0CD3-B72D-47B6-A68D-7590B98EB39B}
		{DD99A465-83BC-4BB5-AE17-D88D1BA4A2CE} = {827E0CD3-B72D-47B6-A68D-7590B98EB39B}
	EndGlobalSection
EndGlobal
